
Microsoft Visual Studio Solution File, Format Version 12.00
# Visual Studio 2013
VisualStudioVersion = 12.0.21005.1
MinimumVisualStudioVersion = 10.0.40219.1
Project("{FAE04EC0-301F-11D3-BF4B-00C04F79EFBC}") = "StudyExperience0901", "StudyExperience\StudyExperience0901.csproj", "{1A3FB4CE-F9AC-4D3C-82B9-660FEED44EB7}"
EndProject
Project("{FAE04EC0-301F-11D3-BF4B-00C04F79EFBC}") = "StudyExperience0902", "StudyExperience1\StudyExperience0902.csproj", "{888D0625-21B2-4943-BEB2-F9CED6C0D04C}"
EndProject
Project("{FAE04EC0-301F-11D3-BF4B-00C04F79EFBC}") = "StudyExperience0903", "ConsoleApplication3\StudyExperience0903.csproj", "{63B93051-BBD2-4546-A685-831C5ADE188D}"
EndProject
Project("{FAE04EC0-301F-11D3-BF4B-00C04F79EFBC}") = "StudyExperience09031", "StudyExperience09031\StudyExperience09031.csproj", "{629442CF-42B1-426A-964B-5518A2DB22A0}"
EndProject
Project("{FAE04EC0-301F-11D3-BF4B-00C04F79EFBC}") = "StudyExperience0904", "StudyExperience0904\StudyExperience0904.csproj", "{D95E72E8-B020-487F-AADB-E4F8027145B9}"
EndProject
Project("{FAE04EC0-301F-11D3-BF4B-00C04F79EFBC}") = "StudyExperience0906", "StudyExperience0906\StudyExperience0906.csproj", "{679852A6-ED31-46A5-9C8D-5CE9612EF516}"
EndProject
Project("{FAE04EC0-301F-11D3-BF4B-00C04F79EFBC}") = "StudyExperience0910", "StudyExperience0910\StudyExperience0910.csproj", "{264471E4-006C-4EBC-BF86-2EEB2B39DAFB}"
EndProject
Project("{FAE04EC0-301F-11D3-BF4B-00C04F79EFBC}") = "App2", "App2\App2.csproj", "{9D633DCA-65E6-428B-8023-AD9B5507E79F}"
EndProject
Project("{FAE04EC0-301F-11D3-BF4B-00C04F79EFBC}") = "StudyExperience0911", "StudyExperience0911\StudyExperience0911.csproj", "{EFF31C3C-4182-4DFE-B51D-695800CF50FD}"
EndProject
Project("{FAE04EC0-301F-11D3-BF4B-00C04F79EFBC}") = "Studyexperience09111", "Studyexperience09111\Studyexperience09111.csproj", "{EC9905EF-363A-440B-AAC2-56611A57D956}"
EndProject
Project("{FAE04EC0-301F-11D3-BF4B-00C04F79EFBC}") = "StudyExperience09112", "StudyExperience09112\StudyExperience09112.csproj", "{E22186DB-FCD8-4D11-AF81-CD4956F0E62A}"
EndProject
Project("{FAE04EC0-301F-11D3-BF4B-00C04F79EFBC}") = "StudyExperience09113", "StudyExperience09113\StudyExperience09113.csproj", "{1A6F4043-3425-4EAE-9EB4-0F133F15447D}"
EndProject
Project("{FAE04EC0-301F-11D3-BF4B-00C04F79EFBC}") = "StudyExperience0912", "StudyExperience0912\StudyExperience0912.csproj", "{2B3E0A35-6200-44EE-9C94-F89D9A309167}"
EndProject
Project("{FAE04EC0-301F-11D3-BF4B-00C04F79EFBC}") = "StudyExperience09121", "StudyExperience09121\StudyExperience09121.csproj", "{0806A806-D81A-4B5A-AB36-38419AEB6FE0}"
EndProject
Project("{FAE04EC0-301F-11D3-BF4B-00C04F79EFBC}") = "StudyExperience09122", "StudyExperience09122\StudyExperience09122.csproj", "{FB817E41-1DF7-4AAB-8CE7-A6E983169758}"
EndProject
Project("{FAE04EC0-301F-11D3-BF4B-00C04F79EFBC}") = "StudyExperience09123", "StudyExperience09123\StudyExperience09123.csproj", "{5C679931-7E7F-4DD6-B270-28293D56B5D1}"
EndProject
Project("{FAE04EC0-301F-11D3-BF4B-00C04F79EFBC}") = "StudyExperience09124", "StudyExperience09124\StudyExperience09124.csproj", "{C097263E-A1E4-42FB-918E-08D6D1184FFF}"
EndProject
Project("{FAE04EC0-301F-11D3-BF4B-00C04F79EFBC}") = "StudyExperience09125", "StudyExperience09125\StudyExperience09125.csproj", "{5EAF18C3-760D-4D76-A9E5-9DEBC8B24BC3}"
EndProject
Global
	GlobalSection(SolutionConfigurationPlatforms) = preSolution
		Debug|Any CPU = Debug|Any CPU
		Debug|ARM = Debug|ARM
		Debug|x64 = Debug|x64
		Debug|x86 = Debug|x86
		Release|Any CPU = Release|Any CPU
		Release|ARM = Release|ARM
		Release|x64 = Release|x64
		Release|x86 = Release|x86
	EndGlobalSection
	GlobalSection(ProjectConfigurationPlatforms) = postSolution
		{1A3FB4CE-F9AC-4D3C-82B9-660FEED44EB7}.Debug|Any CPU.ActiveCfg = Debug|Any CPU
		{1A3FB4CE-F9AC-4D3C-82B9-660FEED44EB7}.Debug|Any CPU.Build.0 = Debug|Any CPU
		{1A3FB4CE-F9AC-4D3C-82B9-660FEED44EB7}.Debug|ARM.ActiveCfg = Debug|Any CPU
		{1A3FB4CE-F9AC-4D3C-82B9-660FEED44EB7}.Debug|x64.ActiveCfg = Debug|Any CPU
		{1A3FB4CE-F9AC-4D3C-82B9-660FEED44EB7}.Debug|x86.ActiveCfg = Debug|Any CPU
		{1A3FB4CE-F9AC-4D3C-82B9-660FEED44EB7}.Release|Any CPU.ActiveCfg = Release|Any CPU
		{1A3FB4CE-F9AC-4D3C-82B9-660FEED44EB7}.Release|Any CPU.Build.0 = Release|Any CPU
		{1A3FB4CE-F9AC-4D3C-82B9-660FEED44EB7}.Release|ARM.ActiveCfg = Release|Any CPU
		{1A3FB4CE-F9AC-4D3C-82B9-660FEED44EB7}.Release|x64.ActiveCfg = Release|Any CPU
		{1A3FB4CE-F9AC-4D3C-82B9-660FEED44EB7}.Release|x86.ActiveCfg = Release|Any CPU
		{888D0625-21B2-4943-BEB2-F9CED6C0D04C}.Debug|Any CPU.ActiveCfg = Debug|Any CPU
		{888D0625-21B2-4943-BEB2-F9CED6C0D04C}.Debug|Any CPU.Build.0 = Debug|Any CPU
		{888D0625-21B2-4943-BEB2-F9CED6C0D04C}.Debug|ARM.ActiveCfg = Debug|Any CPU
		{888D0625-21B2-4943-BEB2-F9CED6C0D04C}.Debug|x64.ActiveCfg = Debug|Any CPU
		{888D0625-21B2-4943-BEB2-F9CED6C0D04C}.Debug|x86.ActiveCfg = Debug|Any CPU
		{888D0625-21B2-4943-BEB2-F9CED6C0D04C}.Release|Any CPU.ActiveCfg = Release|Any CPU
		{888D0625-21B2-4943-BEB2-F9CED6C0D04C}.Release|Any CPU.Build.0 = Release|Any CPU
		{888D0625-21B2-4943-BEB2-F9CED6C0D04C}.Release|ARM.ActiveCfg = Release|Any CPU
		{888D0625-21B2-4943-BEB2-F9CED6C0D04C}.Release|x64.ActiveCfg = Release|Any CPU
		{888D0625-21B2-4943-BEB2-F9CED6C0D04C}.Release|x86.ActiveCfg = Release|Any CPU
		{63B93051-BBD2-4546-A685-831C5ADE188D}.Debug|Any CPU.ActiveCfg = Debug|Any CPU
		{63B93051-BBD2-4546-A685-831C5ADE188D}.Debug|Any CPU.Build.0 = Debug|Any CPU
		{63B93051-BBD2-4546-A685-831C5ADE188D}.Debug|ARM.ActiveCfg = Debug|Any CPU
		{63B93051-BBD2-4546-A685-831C5ADE188D}.Debug|x64.ActiveCfg = Debug|Any CPU
		{63B93051-BBD2-4546-A685-831C5ADE188D}.Debug|x86.ActiveCfg = Debug|Any CPU
		{63B93051-BBD2-4546-A685-831C5ADE188D}.Release|Any CPU.ActiveCfg = Release|Any CPU
		{63B93051-BBD2-4546-A685-831C5ADE188D}.Release|Any CPU.Build.0 = Release|Any CPU
		{63B93051-BBD2-4546-A685-831C5ADE188D}.Release|ARM.ActiveCfg = Release|Any CPU
		{63B93051-BBD2-4546-A685-831C5ADE188D}.Release|x64.ActiveCfg = Release|Any CPU
		{63B93051-BBD2-4546-A685-831C5ADE188D}.Release|x86.ActiveCfg = Release|Any CPU
		{629442CF-42B1-426A-964B-5518A2DB22A0}.Debug|Any CPU.ActiveCfg = Debug|Any CPU
		{629442CF-42B1-426A-964B-5518A2DB22A0}.Debug|Any CPU.Build.0 = Debug|Any CPU
		{629442CF-42B1-426A-964B-5518A2DB22A0}.Debug|ARM.ActiveCfg = Debug|Any CPU
		{629442CF-42B1-426A-964B-5518A2DB22A0}.Debug|x64.ActiveCfg = Debug|Any CPU
		{629442CF-42B1-426A-964B-5518A2DB22A0}.Debug|x86.ActiveCfg = Debug|Any CPU
		{629442CF-42B1-426A-964B-5518A2DB22A0}.Release|Any CPU.ActiveCfg = Release|Any CPU
		{629442CF-42B1-426A-964B-5518A2DB22A0}.Release|Any CPU.Build.0 = Release|Any CPU
		{629442CF-42B1-426A-964B-5518A2DB22A0}.Release|ARM.ActiveCfg = Release|Any CPU
		{629442CF-42B1-426A-964B-5518A2DB22A0}.Release|x64.ActiveCfg = Release|Any CPU
		{629442CF-42B1-426A-964B-5518A2DB22A0}.Release|x86.ActiveCfg = Release|Any CPU
		{D95E72E8-B020-487F-AADB-E4F8027145B9}.Debug|Any CPU.ActiveCfg = Debug|Any CPU
		{D95E72E8-B020-487F-AADB-E4F8027145B9}.Debug|Any CPU.Build.0 = Debug|Any CPU
		{D95E72E8-B020-487F-AADB-E4F8027145B9}.Debug|ARM.ActiveCfg = Debug|Any CPU
		{D95E72E8-B020-487F-AADB-E4F8027145B9}.Debug|x64.ActiveCfg = Debug|Any CPU
		{D95E72E8-B020-487F-AADB-E4F8027145B9}.Debug|x86.ActiveCfg = Debug|Any CPU
		{D95E72E8-B020-487F-AADB-E4F8027145B9}.Release|Any CPU.ActiveCfg = Release|Any CPU
		{D95E72E8-B020-487F-AADB-E4F8027145B9}.Release|Any CPU.Build.0 = Release|Any CPU
		{D95E72E8-B020-487F-AADB-E4F8027145B9}.Release|ARM.ActiveCfg = Release|Any CPU
		{D95E72E8-B020-487F-AADB-E4F8027145B9}.Release|x64.ActiveCfg = Release|Any CPU
		{D95E72E8-B020-487F-AADB-E4F8027145B9}.Release|x86.ActiveCfg = Release|Any CPU
		{679852A6-ED31-46A5-9C8D-5CE9612EF516}.Debug|Any CPU.ActiveCfg = Debug|Any CPU
		{679852A6-ED31-46A5-9C8D-5CE9612EF516}.Debug|Any CPU.Build.0 = Debug|Any CPU
		{679852A6-ED31-46A5-9C8D-5CE9612EF516}.Debug|ARM.ActiveCfg = Debug|Any CPU
		{679852A6-ED31-46A5-9C8D-5CE9612EF516}.Debug|x64.ActiveCfg = Debug|Any CPU
		{679852A6-ED31-46A5-9C8D-5CE9612EF516}.Debug|x86.ActiveCfg = Debug|Any CPU
		{679852A6-ED31-46A5-9C8D-5CE9612EF516}.Release|Any CPU.ActiveCfg = Release|Any CPU
		{679852A6-ED31-46A5-9C8D-5CE9612EF516}.Release|Any CPU.Build.0 = Release|Any CPU
		{679852A6-ED31-46A5-9C8D-5CE9612EF516}.Release|ARM.ActiveCfg = Release|Any CPU
		{679852A6-ED31-46A5-9C8D-5CE9612EF516}.Release|x64.ActiveCfg = Release|Any CPU
		{679852A6-ED31-46A5-9C8D-5CE9612EF516}.Release|x86.ActiveCfg = Release|Any CPU
		{264471E4-006C-4EBC-BF86-2EEB2B39DAFB}.Debug|Any CPU.ActiveCfg = Debug|Any CPU
		{264471E4-006C-4EBC-BF86-2EEB2B39DAFB}.Debug|Any CPU.Build.0 = Debug|Any CPU
		{264471E4-006C-4EBC-BF86-2EEB2B39DAFB}.Debug|ARM.ActiveCfg = Debug|Any CPU
		{264471E4-006C-4EBC-BF86-2EEB2B39DAFB}.Debug|x64.ActiveCfg = Debug|Any CPU
		{264471E4-006C-4EBC-BF86-2EEB2B39DAFB}.Debug|x86.ActiveCfg = Debug|Any CPU
		{264471E4-006C-4EBC-BF86-2EEB2B39DAFB}.Release|Any CPU.ActiveCfg = Release|Any CPU
		{264471E4-006C-4EBC-BF86-2EEB2B39DAFB}.Release|Any CPU.Build.0 = Release|Any CPU
		{264471E4-006C-4EBC-BF86-2EEB2B39DAFB}.Release|ARM.ActiveCfg = Release|Any CPU
		{264471E4-006C-4EBC-BF86-2EEB2B39DAFB}.Release|x64.ActiveCfg = Release|Any CPU
		{264471E4-006C-4EBC-BF86-2EEB2B39DAFB}.Release|x86.ActiveCfg = Release|Any CPU
		{9D633DCA-65E6-428B-8023-AD9B5507E79F}.Debug|Any CPU.ActiveCfg = Debug|Any CPU
		{9D633DCA-65E6-428B-8023-AD9B5507E79F}.Debug|Any CPU.Build.0 = Debug|Any CPU
		{9D633DCA-65E6-428B-8023-AD9B5507E79F}.Debug|Any CPU.Deploy.0 = Debug|Any CPU
		{9D633DCA-65E6-428B-8023-AD9B5507E79F}.Debug|ARM.ActiveCfg = Debug|ARM
		{9D633DCA-65E6-428B-8023-AD9B5507E79F}.Debug|ARM.Build.0 = Debug|ARM
		{9D633DCA-65E6-428B-8023-AD9B5507E79F}.Debug|ARM.Deploy.0 = Debug|ARM
		{9D633DCA-65E6-428B-8023-AD9B5507E79F}.Debug|x64.ActiveCfg = Debug|x64
		{9D633DCA-65E6-428B-8023-AD9B5507E79F}.Debug|x64.Build.0 = Debug|x64
		{9D633DCA-65E6-428B-8023-AD9B5507E79F}.Debug|x64.Deploy.0 = Debug|x64
		{9D633DCA-65E6-428B-8023-AD9B5507E79F}.Debug|x86.ActiveCfg = Debug|x86
		{9D633DCA-65E6-428B-8023-AD9B5507E79F}.Debug|x86.Build.0 = Debug|x86
		{9D633DCA-65E6-428B-8023-AD9B5507E79F}.Debug|x86.Deploy.0 = Debug|x86
		{9D633DCA-65E6-428B-8023-AD9B5507E79F}.Release|Any CPU.ActiveCfg = Release|Any CPU
		{9D633DCA-65E6-428B-8023-AD9B5507E79F}.Release|Any CPU.Build.0 = Release|Any CPU
		{9D633DCA-65E6-428B-8023-AD9B5507E79F}.Release|Any CPU.Deploy.0 = Release|Any CPU
		{9D633DCA-65E6-428B-8023-AD9B5507E79F}.Release|ARM.ActiveCfg = Release|ARM
		{9D633DCA-65E6-428B-8023-AD9B5507E79F}.Release|ARM.Build.0 = Release|ARM
		{9D633DCA-65E6-428B-8023-AD9B5507E79F}.Release|ARM.Deploy.0 = Release|ARM
		{9D633DCA-65E6-428B-8023-AD9B5507E79F}.Release|x64.ActiveCfg = Release|x64
		{9D633DCA-65E6-428B-8023-AD9B5507E79F}.Release|x64.Build.0 = Release|x64
		{9D633DCA-65E6-428B-8023-AD9B5507E79F}.Release|x64.Deploy.0 = Release|x64
		{9D633DCA-65E6-428B-8023-AD9B5507E79F}.Release|x86.ActiveCfg = Release|x86
		{9D633DCA-65E6-428B-8023-AD9B5507E79F}.Release|x86.Build.0 = Release|x86
		{9D633DCA-65E6-428B-8023-AD9B5507E79F}.Release|x86.Deploy.0 = Release|x86
		{EFF31C3C-4182-4DFE-B51D-695800CF50FD}.Debug|Any CPU.ActiveCfg = Debug|Any CPU
		{EFF31C3C-4182-4DFE-B51D-695800CF50FD}.Debug|Any CPU.Build.0 = Debug|Any CPU
		{EFF31C3C-4182-4DFE-B51D-695800CF50FD}.Debug|ARM.ActiveCfg = Debug|Any CPU
		{EFF31C3C-4182-4DFE-B51D-695800CF50FD}.Debug|x64.ActiveCfg = Debug|Any CPU
		{EFF31C3C-4182-4DFE-B51D-695800CF50FD}.Debug|x86.ActiveCfg = Debug|Any CPU
		{EFF31C3C-4182-4DFE-B51D-695800CF50FD}.Release|Any CPU.ActiveCfg = Release|Any CPU
		{EFF31C3C-4182-4DFE-B51D-695800CF50FD}.Release|Any CPU.Build.0 = Release|Any CPU
		{EFF31C3C-4182-4DFE-B51D-695800CF50FD}.Release|ARM.ActiveCfg = Release|Any CPU
		{EFF31C3C-4182-4DFE-B51D-695800CF50FD}.Release|x64.ActiveCfg = Release|Any CPU
		{EFF31C3C-4182-4DFE-B51D-695800CF50FD}.Release|x86.ActiveCfg = Release|Any CPU
		{EC9905EF-363A-440B-AAC2-56611A57D956}.Debug|Any CPU.ActiveCfg = Debug|Any CPU
		{EC9905EF-363A-440B-AAC2-56611A57D956}.Debug|Any CPU.Build.0 = Debug|Any CPU
		{EC9905EF-363A-440B-AAC2-56611A57D956}.Debug|ARM.ActiveCfg = Debug|Any CPU
		{EC9905EF-363A-440B-AAC2-56611A57D956}.Debug|x64.ActiveCfg = Debug|Any CPU
		{EC9905EF-363A-440B-AAC2-56611A57D956}.Debug|x86.ActiveCfg = Debug|Any CPU
		{EC9905EF-363A-440B-AAC2-56611A57D956}.Release|Any CPU.ActiveCfg = Release|Any CPU
		{EC9905EF-363A-440B-AAC2-56611A57D956}.Release|Any CPU.Build.0 = Release|Any CPU
		{EC9905EF-363A-440B-AAC2-56611A57D956}.Release|ARM.ActiveCfg = Release|Any CPU
		{EC9905EF-363A-440B-AAC2-56611A57D956}.Release|x64.ActiveCfg = Release|Any CPU
		{EC9905EF-363A-440B-AAC2-56611A57D956}.Release|x86.ActiveCfg = Release|Any CPU
		{E22186DB-FCD8-4D11-AF81-CD4956F0E62A}.Debug|Any CPU.ActiveCfg = Debug|Any CPU
		{E22186DB-FCD8-4D11-AF81-CD4956F0E62A}.Debug|Any CPU.Build.0 = Debug|Any CPU
		{E22186DB-FCD8-4D11-AF81-CD4956F0E62A}.Debug|ARM.ActiveCfg = Debug|Any CPU
		{E22186DB-FCD8-4D11-AF81-CD4956F0E62A}.Debug|x64.ActiveCfg = Debug|Any CPU
		{E22186DB-FCD8-4D11-AF81-CD4956F0E62A}.Debug|x86.ActiveCfg = Debug|Any CPU
		{E22186DB-FCD8-4D11-AF81-CD4956F0E62A}.Release|Any CPU.ActiveCfg = Release|Any CPU
		{E22186DB-FCD8-4D11-AF81-CD4956F0E62A}.Release|Any CPU.Build.0 = Release|Any CPU
		{E22186DB-FCD8-4D11-AF81-CD4956F0E62A}.Release|ARM.ActiveCfg = Release|Any CPU
		{E22186DB-FCD8-4D11-AF81-CD4956F0E62A}.Release|x64.ActiveCfg = Release|Any CPU
		{E22186DB-FCD8-4D11-AF81-CD4956F0E62A}.Release|x86.ActiveCfg = Release|Any CPU
		{1A6F4043-3425-4EAE-9EB4-0F133F15447D}.Debug|Any CPU.ActiveCfg = Debug|Any CPU
		{1A6F4043-3425-4EAE-9EB4-0F133F15447D}.Debug|Any CPU.Build.0 = Debug|Any CPU
		{1A6F4043-3425-4EAE-9EB4-0F133F15447D}.Debug|ARM.ActiveCfg = Debug|Any CPU
		{1A6F4043-3425-4EAE-9EB4-0F133F15447D}.Debug|x64.ActiveCfg = Debug|Any CPU
		{1A6F4043-3425-4EAE-9EB4-0F133F15447D}.Debug|x86.ActiveCfg = Debug|Any CPU
		{1A6F4043-3425-4EAE-9EB4-0F133F15447D}.Release|Any CPU.ActiveCfg = Release|Any CPU
		{1A6F4043-3425-4EAE-9EB4-0F133F15447D}.Release|Any CPU.Build.0 = Release|Any CPU
		{1A6F4043-3425-4EAE-9EB4-0F133F15447D}.Release|ARM.ActiveCfg = Release|Any CPU
		{1A6F4043-3425-4EAE-9EB4-0F133F15447D}.Release|x64.ActiveCfg = Release|Any CPU
		{1A6F4043-3425-4EAE-9EB4-0F133F15447D}.Release|x86.ActiveCfg = Release|Any CPU
		{2B3E0A35-6200-44EE-9C94-F89D9A309167}.Debug|Any CPU.ActiveCfg = Debug|Any CPU
		{2B3E0A35-6200-44EE-9C94-F89D9A309167}.Debug|Any CPU.Build.0 = Debug|Any CPU
		{2B3E0A35-6200-44EE-9C94-F89D9A309167}.Debug|ARM.ActiveCfg = Debug|Any CPU
		{2B3E0A35-6200-44EE-9C94-F89D9A309167}.Debug|x64.ActiveCfg = Debug|Any CPU
		{2B3E0A35-6200-44EE-9C94-F89D9A309167}.Debug|x86.ActiveCfg = Debug|Any CPU
		{2B3E0A35-6200-44EE-9C94-F89D9A309167}.Release|Any CPU.ActiveCfg = Release|Any CPU
		{2B3E0A35-6200-44EE-9C94-F89D9A309167}.Release|Any CPU.Build.0 = Release|Any CPU
		{2B3E0A35-6200-44EE-9C94-F89D9A309167}.Release|ARM.ActiveCfg = Release|Any CPU
		{2B3E0A35-6200-44EE-9C94-F89D9A309167}.Release|x64.ActiveCfg = Release|Any CPU
		{2B3E0A35-6200-44EE-9C94-F89D9A309167}.Release|x86.ActiveCfg = Release|Any CPU
		{0806A806-D81A-4B5A-AB36-38419AEB6FE0}.Debug|Any CPU.ActiveCfg = Debug|Any CPU
		{0806A806-D81A-4B5A-AB36-38419AEB6FE0}.Debug|Any CPU.Build.0 = Debug|Any CPU
		{0806A806-D81A-4B5A-AB36-38419AEB6FE0}.Debug|ARM.ActiveCfg = Debug|Any CPU
		{0806A806-D81A-4B5A-AB36-38419AEB6FE0}.Debug|x64.ActiveCfg = Debug|Any CPU
		{0806A806-D81A-4B5A-AB36-38419AEB6FE0}.Debug|x86.ActiveCfg = Debug|Any CPU
		{0806A806-D81A-4B5A-AB36-38419AEB6FE0}.Release|Any CPU.ActiveCfg = Release|Any CPU
		{0806A806-D81A-4B5A-AB36-38419AEB6FE0}.Release|Any CPU.Build.0 = Release|Any CPU
		{0806A806-D81A-4B5A-AB36-38419AEB6FE0}.Release|ARM.ActiveCfg = Release|Any CPU
		{0806A806-D81A-4B5A-AB36-38419AEB6FE0}.Release|x64.ActiveCfg = Release|Any CPU
		{0806A806-D81A-4B5A-AB36-38419AEB6FE0}.Release|x86.ActiveCfg = Release|Any CPU
		{FB817E41-1DF7-4AAB-8CE7-A6E983169758}.Debug|Any CPU.ActiveCfg = Debug|Any CPU
		{FB817E41-1DF7-4AAB-8CE7-A6E983169758}.Debug|Any CPU.Build.0 = Debug|Any CPU
		{FB817E41-1DF7-4AAB-8CE7-A6E983169758}.Debug|ARM.ActiveCfg = Debug|Any CPU
		{FB817E41-1DF7-4AAB-8CE7-A6E983169758}.Debug|x64.ActiveCfg = Debug|Any CPU
		{FB817E41-1DF7-4AAB-8CE7-A6E983169758}.Debug|x86.ActiveCfg = Debug|Any CPU
		{FB817E41-1DF7-4AAB-8CE7-A6E983169758}.Release|Any CPU.ActiveCfg = Release|Any CPU
		{FB817E41-1DF7-4AAB-8CE7-A6E983169758}.Release|Any CPU.Build.0 = Release|Any CPU
		{FB817E41-1DF7-4AAB-8CE7-A6E983169758}.Release|ARM.ActiveCfg = Release|Any CPU
		{FB817E41-1DF7-4AAB-8CE7-A6E983169758}.Release|x64.ActiveCfg = Release|Any CPU
		{FB817E41-1DF7-4AAB-8CE7-A6E983169758}.Release|x86.ActiveCfg = Release|Any CPU
		{5C679931-7E7F-4DD6-B270-28293D56B5D1}.Debug|Any CPU.ActiveCfg = Debug|Any CPU
		{5C679931-7E7F-4DD6-B270-28293D56B5D1}.Debug|Any CPU.Build.0 = Debug|Any CPU
		{5C679931-7E7F-4DD6-B270-28293D56B5D1}.Debug|ARM.ActiveCfg = Debug|Any CPU
		{5C679931-7E7F-4DD6-B270-28293D56B5D1}.Debug|x64.ActiveCfg = Debug|Any CPU
		{5C679931-7E7F-4DD6-B270-28293D56B5D1}.Debug|x86.ActiveCfg = Debug|Any CPU
		{5C679931-7E7F-4DD6-B270-28293D56B5D1}.Release|Any CPU.ActiveCfg = Release|Any CPU
		{5C679931-7E7F-4DD6-B270-28293D56B5D1}.Release|Any CPU.Build.0 = Release|Any CPU
		{5C679931-7E7F-4DD6-B270-28293D56B5D1}.Release|ARM.ActiveCfg = Release|Any CPU
		{5C679931-7E7F-4DD6-B270-28293D56B5D1}.Release|x64.ActiveCfg = Release|Any CPU
		{5C679931-7E7F-4DD6-B270-28293D56B5D1}.Release|x86.ActiveCfg = Release|Any CPU
		{C097263E-A1E4-42FB-918E-08D6D1184FFF}.Debug|Any CPU.ActiveCfg = Debug|Any CPU
		{C097263E-A1E4-42FB-918E-08D6D1184FFF}.Debug|Any CPU.Build.0 = Debug|Any CPU
		{C097263E-A1E4-42FB-918E-08D6D1184FFF}.Debug|ARM.ActiveCfg = Debug|Any CPU
		{C097263E-A1E4-42FB-918E-08D6D1184FFF}.Debug|x64.ActiveCfg = Debug|Any CPU
		{C097263E-A1E4-42FB-918E-08D6D1184FFF}.Debug|x86.ActiveCfg = Debug|Any CPU
		{C097263E-A1E4-42FB-918E-08D6D1184FFF}.Release|Any CPU.ActiveCfg = Release|Any CPU
		{C097263E-A1E4-42FB-918E-08D6D1184FFF}.Release|Any CPU.Build.0 = Release|Any CPU
		{C097263E-A1E4-42FB-918E-08D6D1184FFF}.Release|ARM.ActiveCfg = Release|Any CPU
		{C097263E-A1E4-42FB-918E-08D6D1184FFF}.Release|x64.ActiveCfg = Release|Any CPU
		{C097263E-A1E4-42FB-918E-08D6D1184FFF}.Release|x86.ActiveCfg = Release|Any CPU
		{5EAF18C3-760D-4D76-A9E5-9DEBC8B24BC3}.Debug|Any CPU.ActiveCfg = Debug|Any CPU
		{5EAF18C3-760D-4D76-A9E5-9DEBC8B24BC3}.Debug|Any CPU.Build.0 = Debug|Any CPU
		{5EAF18C3-760D-4D76-A9E5-9DEBC8B24BC3}.Debug|ARM.ActiveCfg = Debug|Any CPU
		{5EAF18C3-760D-4D76-A9E5-9DEBC8B24BC3}.Debug|x64.ActiveCfg = Debug|Any CPU
		{5EAF18C3-760D-4D76-A9E5-9DEBC8B24BC3}.Debug|x86.ActiveCfg = Debug|Any CPU
		{5EAF18C3-760D-4D76-A9E5-9DEBC8B24BC3}.Release|Any CPU.ActiveCfg = Release|Any CPU
		{5EAF18C3-760D-4D76-A9E5-9DEBC8B24BC3}.Release|Any CPU.Build.0 = Release|Any CPU
		{5EAF18C3-760D-4D76-A9E5-9DEBC8B24BC3}.Release|ARM.ActiveCfg = Release|Any CPU
		{5EAF18C3-760D-4D76-A9E5-9DEBC8B24BC3}.Release|x64.ActiveCfg = Release|Any CPU
		{5EAF18C3-760D-4D76-A9E5-9DEBC8B24BC3}.Release|x86.ActiveCfg = Release|Any CPU
	EndGlobalSection
	GlobalSection(SolutionProperties) = preSolution
		HideSolutionNode = FALSE
	EndGlobalSection
EndGlobal
