
Microsoft Visual Studio Solution File, Format Version 12.00
# Visual Studio 2013
VisualStudioVersion = 12.0.21005.1
MinimumVisualStudioVersion = 10.0.40219.1
Project("{FAE04EC0-301F-11D3-BF4B-00C04F79EFBC}") = "TestDemo", "TestDemo\TestDemo.csproj", "{92F640D2-5453-4F0A-B8E9-1702AA5EE71D}"
EndProject
Project("{FAE04EC0-301F-11D3-BF4B-00C04F79EFBC}") = "StudyExperience0901", "StudyExperience\StudyExperience0901.csproj", "{1A3FB4CE-F9AC-4D3C-82B9-660FEED44EB7}"
EndProject
Project("{FAE04EC0-301F-11D3-BF4B-00C04F79EFBC}") = "StudyExperience0902", "StudyExperience1\StudyExperience0902.csproj", "{888D0625-21B2-4943-BEB2-F9CED6C0D04C}"
EndProject
Project("{FAE04EC0-301F-11D3-BF4B-00C04F79EFBC}") = "StudyExperience0903", "ConsoleApplication3\StudyExperience0903.csproj", "{63B93051-BBD2-4546-A685-831C5ADE188D}"
EndProject
Project("{FAE04EC0-301F-11D3-BF4B-00C04F79EFBC}") = "StudyExperience09031", "StudyExperience09031\StudyExperience09031.csproj", "{629442CF-42B1-426A-964B-5518A2DB22A0}"
EndProject
Project("{FAE04EC0-301F-11D3-BF4B-00C04F79EFBC}") = "StudyExperience0904", "StudyExperience0904\StudyExperience0904.csproj", "{D95E72E8-B020-487F-AADB-E4F8027145B9}"
EndProject
Project("{FAE04EC0-301F-11D3-BF4B-00C04F79EFBC}") = "StudyExperience0906", "StudyExperience0906\StudyExperience0906.csproj", "{679852A6-ED31-46A5-9C8D-5CE9612EF516}"
EndProject
Project("{FAE04EC0-301F-11D3-BF4B-00C04F79EFBC}") = "StudyExperience0910", "StudyExperience0910\StudyExperience0910.csproj", "{264471E4-006C-4EBC-BF86-2EEB2B39DAFB}"
EndProject
Project("{FAE04EC0-301F-11D3-BF4B-00C04F79EFBC}") = "App2", "App2\App2.csproj", "{9D633DCA-65E6-428B-8023-AD9B5507E79F}"
EndProject
Global
	GlobalSection(SolutionConfigurationPlatforms) = preSolution
		Debug|Any CPU = Debug|Any CPU
		Debug|ARM = Debug|ARM
		Debug|x64 = Debug|x64
		Debug|x86 = Debug|x86
		Release|Any CPU = Release|Any CPU
		Release|ARM = Release|ARM
		Release|x64 = Release|x64
		Release|x86 = Release|x86
	EndGlobalSection
	GlobalSection(ProjectConfigurationPlatforms) = postSolution
		{92F640D2-5453-4F0A-B8E9-1702AA5EE71D}.Debug|Any CPU.ActiveCfg = Debug|Any CPU
		{92F640D2-5453-4F0A-B8E9-1702AA5EE71D}.Debug|Any CPU.Build.0 = Debug|Any CPU
		{92F640D2-5453-4F0A-B8E9-1702AA5EE71D}.Debug|ARM.ActiveCfg = Debug|Any CPU
		{92F640D2-5453-4F0A-B8E9-1702AA5EE71D}.Debug|x64.ActiveCfg = Debug|Any CPU
		{92F640D2-5453-4F0A-B8E9-1702AA5EE71D}.Debug|x86.ActiveCfg = Debug|Any CPU
		{92F640D2-5453-4F0A-B8E9-1702AA5EE71D}.Release|Any CPU.ActiveCfg = Release|Any CPU
		{92F640D2-5453-4F0A-B8E9-1702AA5EE71D}.Release|Any CPU.Build.0 = Release|Any CPU
		{92F640D2-5453-4F0A-B8E9-1702AA5EE71D}.Release|ARM.ActiveCfg = Release|Any CPU
		{92F640D2-5453-4F0A-B8E9-1702AA5EE71D}.Release|x64.ActiveCfg = Release|Any CPU
		{92F640D2-5453-4F0A-B8E9-1702AA5EE71D}.Release|x86.ActiveCfg = Release|Any CPU
		{1A3FB4CE-F9AC-4D3C-82B9-660FEED44EB7}.Debug|Any CPU.ActiveCfg = Debug|Any CPU
		{1A3FB4CE-F9AC-4D3C-82B9-660FEED44EB7}.Debug|Any CPU.Build.0 = Debug|Any CPU
		{1A3FB4CE-F9AC-4D3C-82B9-660FEED44EB7}.Debug|ARM.ActiveCfg = Debug|Any CPU
		{1A3FB4CE-F9AC-4D3C-82B9-660FEED44EB7}.Debug|x64.ActiveCfg = Debug|Any CPU
		{1A3FB4CE-F9AC-4D3C-82B9-660FEED44EB7}.Debug|x86.ActiveCfg = Debug|Any CPU
		{1A3FB4CE-F9AC-4D3C-82B9-660FEED44EB7}.Release|Any CPU.ActiveCfg = Release|Any CPU
		{1A3FB4CE-F9AC-4D3C-82B9-660FEED44EB7}.Release|Any CPU.Build.0 = Release|Any CPU
		{1A3FB4CE-F9AC-4D3C-82B9-660FEED44EB7}.Release|ARM.ActiveCfg = Release|Any CPU
		{1A3FB4CE-F9AC-4D3C-82B9-660FEED44EB7}.Release|x64.ActiveCfg = Release|Any CPU
		{1A3FB4CE-F9AC-4D3C-82B9-660FEED44EB7}.Release|x86.ActiveCfg = Release|Any CPU
		{888D0625-21B2-4943-BEB2-F9CED6C0D04C}.Debug|Any CPU.ActiveCfg = Debug|Any CPU
		{888D0625-21B2-4943-BEB2-F9CED6C0D04C}.Debug|Any CPU.Build.0 = Debug|Any CPU
		{888D0625-21B2-4943-BEB2-F9CED6C0D04C}.Debug|ARM.ActiveCfg = Debug|Any CPU
		{888D0625-21B2-4943-BEB2-F9CED6C0D04C}.Debug|x64.ActiveCfg = Debug|Any CPU
		{888D0625-21B2-4943-BEB2-F9CED6C0D04C}.Debug|x86.ActiveCfg = Debug|Any CPU
		{888D0625-21B2-4943-BEB2-F9CED6C0D04C}.Release|Any CPU.ActiveCfg = Release|Any CPU
		{888D0625-21B2-4943-BEB2-F9CED6C0D04C}.Release|Any CPU.Build.0 = Release|Any CPU
		{888D0625-21B2-4943-BEB2-F9CED6C0D04C}.Release|ARM.ActiveCfg = Release|Any CPU
		{888D0625-21B2-4943-BEB2-F9CED6C0D04C}.Release|x64.ActiveCfg = Release|Any CPU
		{888D0625-21B2-4943-BEB2-F9CED6C0D04C}.Release|x86.ActiveCfg = Release|Any CPU
		{63B93051-BBD2-4546-A685-831C5ADE188D}.Debug|Any CPU.ActiveCfg = Debug|Any CPU
		{63B93051-BBD2-4546-A685-831C5ADE188D}.Debug|Any CPU.Build.0 = Debug|Any CPU
		{63B93051-BBD2-4546-A685-831C5ADE188D}.Debug|ARM.ActiveCfg = Debug|Any CPU
		{63B93051-BBD2-4546-A685-831C5ADE188D}.Debug|x64.ActiveCfg = Debug|Any CPU
		{63B93051-BBD2-4546-A685-831C5ADE188D}.Debug|x86.ActiveCfg = Debug|Any CPU
		{63B93051-BBD2-4546-A685-831C5ADE188D}.Release|Any CPU.ActiveCfg = Release|Any CPU
		{63B93051-BBD2-4546-A685-831C5ADE188D}.Release|Any CPU.Build.0 = Release|Any CPU
		{63B93051-BBD2-4546-A685-831C5ADE188D}.Release|ARM.ActiveCfg = Release|Any CPU
		{63B93051-BBD2-4546-A685-831C5ADE188D}.Release|x64.ActiveCfg = Release|Any CPU
		{63B93051-BBD2-4546-A685-831C5ADE188D}.Release|x86.ActiveCfg = Release|Any CPU
		{629442CF-42B1-426A-964B-5518A2DB22A0}.Debug|Any CPU.ActiveCfg = Debug|Any CPU
		{629442CF-42B1-426A-964B-5518A2DB22A0}.Debug|Any CPU.Build.0 = Debug|Any CPU
		{629442CF-42B1-426A-964B-5518A2DB22A0}.Debug|ARM.ActiveCfg = Debug|Any CPU
		{629442CF-42B1-426A-964B-5518A2DB22A0}.Debug|x64.ActiveCfg = Debug|Any CPU
		{629442CF-42B1-426A-964B-5518A2DB22A0}.Debug|x86.ActiveCfg = Debug|Any CPU
		{629442CF-42B1-426A-964B-5518A2DB22A0}.Release|Any CPU.ActiveCfg = Release|Any CPU
		{629442CF-42B1-426A-964B-5518A2DB22A0}.Release|Any CPU.Build.0 = Release|Any CPU
		{629442CF-42B1-426A-964B-5518A2DB22A0}.Release|ARM.ActiveCfg = Release|Any CPU
		{629442CF-42B1-426A-964B-5518A2DB22A0}.Release|x64.ActiveCfg = Release|Any CPU
		{629442CF-42B1-426A-964B-5518A2DB22A0}.Release|x86.ActiveCfg = Release|Any CPU
		{D95E72E8-B020-487F-AADB-E4F8027145B9}.Debug|Any CPU.ActiveCfg = Debug|Any CPU
		{D95E72E8-B020-487F-AADB-E4F8027145B9}.Debug|Any CPU.Build.0 = Debug|Any CPU
		{D95E72E8-B020-487F-AADB-E4F8027145B9}.Debug|ARM.ActiveCfg = Debug|Any CPU
		{D95E72E8-B020-487F-AADB-E4F8027145B9}.Debug|x64.ActiveCfg = Debug|Any CPU
		{D95E72E8-B020-487F-AADB-E4F8027145B9}.Debug|x86.ActiveCfg = Debug|Any CPU
		{D95E72E8-B020-487F-AADB-E4F8027145B9}.Release|Any CPU.ActiveCfg = Release|Any CPU
		{D95E72E8-B020-487F-AADB-E4F8027145B9}.Release|Any CPU.Build.0 = Release|Any CPU
		{D95E72E8-B020-487F-AADB-E4F8027145B9}.Release|ARM.ActiveCfg = Release|Any CPU
		{D95E72E8-B020-487F-AADB-E4F8027145B9}.Release|x64.ActiveCfg = Release|Any CPU
		{D95E72E8-B020-487F-AADB-E4F8027145B9}.Release|x86.ActiveCfg = Release|Any CPU
		{679852A6-ED31-46A5-9C8D-5CE9612EF516}.Debug|Any CPU.ActiveCfg = Debug|Any CPU
		{679852A6-ED31-46A5-9C8D-5CE9612EF516}.Debug|Any CPU.Build.0 = Debug|Any CPU
		{679852A6-ED31-46A5-9C8D-5CE9612EF516}.Debug|ARM.ActiveCfg = Debug|Any CPU
		{679852A6-ED31-46A5-9C8D-5CE9612EF516}.Debug|x64.ActiveCfg = Debug|Any CPU
		{679852A6-ED31-46A5-9C8D-5CE9612EF516}.Debug|x86.ActiveCfg = Debug|Any CPU
		{679852A6-ED31-46A5-9C8D-5CE9612EF516}.Release|Any CPU.ActiveCfg = Release|Any CPU
		{679852A6-ED31-46A5-9C8D-5CE9612EF516}.Release|Any CPU.Build.0 = Release|Any CPU
		{679852A6-ED31-46A5-9C8D-5CE9612EF516}.Release|ARM.ActiveCfg = Release|Any CPU
		{679852A6-ED31-46A5-9C8D-5CE9612EF516}.Release|x64.ActiveCfg = Release|Any CPU
		{679852A6-ED31-46A5-9C8D-5CE9612EF516}.Release|x86.ActiveCfg = Release|Any CPU
		{264471E4-006C-4EBC-BF86-2EEB2B39DAFB}.Debug|Any CPU.ActiveCfg = Debug|Any CPU
		{264471E4-006C-4EBC-BF86-2EEB2B39DAFB}.Debug|Any CPU.Build.0 = Debug|Any CPU
		{264471E4-006C-4EBC-BF86-2EEB2B39DAFB}.Debug|ARM.ActiveCfg = Debug|Any CPU
		{264471E4-006C-4EBC-BF86-2EEB2B39DAFB}.Debug|x64.ActiveCfg = Debug|Any CPU
		{264471E4-006C-4EBC-BF86-2EEB2B39DAFB}.Debug|x86.ActiveCfg = Debug|Any CPU
		{264471E4-006C-4EBC-BF86-2EEB2B39DAFB}.Release|Any CPU.ActiveCfg = Release|Any CPU
		{264471E4-006C-4EBC-BF86-2EEB2B39DAFB}.Release|Any CPU.Build.0 = Release|Any CPU
		{264471E4-006C-4EBC-BF86-2EEB2B39DAFB}.Release|ARM.ActiveCfg = Release|Any CPU
		{264471E4-006C-4EBC-BF86-2EEB2B39DAFB}.Release|x64.ActiveCfg = Release|Any CPU
		{264471E4-006C-4EBC-BF86-2EEB2B39DAFB}.Release|x86.ActiveCfg = Release|Any CPU
		{9D633DCA-65E6-428B-8023-AD9B5507E79F}.Debug|Any CPU.ActiveCfg = Debug|Any CPU
		{9D633DCA-65E6-428B-8023-AD9B5507E79F}.Debug|Any CPU.Build.0 = Debug|Any CPU
		{9D633DCA-65E6-428B-8023-AD9B5507E79F}.Debug|Any CPU.Deploy.0 = Debug|Any CPU
		{9D633DCA-65E6-428B-8023-AD9B5507E79F}.Debug|ARM.ActiveCfg = Debug|ARM
		{9D633DCA-65E6-428B-8023-AD9B5507E79F}.Debug|ARM.Build.0 = Debug|ARM
		{9D633DCA-65E6-428B-8023-AD9B5507E79F}.Debug|ARM.Deploy.0 = Debug|ARM
		{9D633DCA-65E6-428B-8023-AD9B5507E79F}.Debug|x64.ActiveCfg = Debug|x64
		{9D633DCA-65E6-428B-8023-AD9B5507E79F}.Debug|x64.Build.0 = Debug|x64
		{9D633DCA-65E6-428B-8023-AD9B5507E79F}.Debug|x64.Deploy.0 = Debug|x64
		{9D633DCA-65E6-428B-8023-AD9B5507E79F}.Debug|x86.ActiveCfg = Debug|x86
		{9D633DCA-65E6-428B-8023-AD9B5507E79F}.Debug|x86.Build.0 = Debug|x86
		{9D633DCA-65E6-428B-8023-AD9B5507E79F}.Debug|x86.Deploy.0 = Debug|x86
		{9D633DCA-65E6-428B-8023-AD9B5507E79F}.Release|Any CPU.ActiveCfg = Release|Any CPU
		{9D633DCA-65E6-428B-8023-AD9B5507E79F}.Release|Any CPU.Build.0 = Release|Any CPU
		{9D633DCA-65E6-428B-8023-AD9B5507E79F}.Release|Any CPU.Deploy.0 = Release|Any CPU
		{9D633DCA-65E6-428B-8023-AD9B5507E79F}.Release|ARM.ActiveCfg = Release|ARM
		{9D633DCA-65E6-428B-8023-AD9B5507E79F}.Release|ARM.Build.0 = Release|ARM
		{9D633DCA-65E6-428B-8023-AD9B5507E79F}.Release|ARM.Deploy.0 = Release|ARM
		{9D633DCA-65E6-428B-8023-AD9B5507E79F}.Release|x64.ActiveCfg = Release|x64
		{9D633DCA-65E6-428B-8023-AD9B5507E79F}.Release|x64.Build.0 = Release|x64
		{9D633DCA-65E6-428B-8023-AD9B5507E79F}.Release|x64.Deploy.0 = Release|x64
		{9D633DCA-65E6-428B-8023-AD9B5507E79F}.Release|x86.ActiveCfg = Release|x86
		{9D633DCA-65E6-428B-8023-AD9B5507E79F}.Release|x86.Build.0 = Release|x86
		{9D633DCA-65E6-428B-8023-AD9B5507E79F}.Release|x86.Deploy.0 = Release|x86
	EndGlobalSection
	GlobalSection(SolutionProperties) = preSolution
		HideSolutionNode = FALSE
	EndGlobalSection
EndGlobal
